<?xml version="1.0" encoding="utf-8"?>
<Project ToolsVersion="4.0" xmlns="http://schemas.microsoft.com/developer/msbuild/2003">
  <ItemGroup>
    <ClCompile Include="AssetManager.cpp">
      <Filter>Source Files\Framework</Filter>
    </ClCompile>
    <ClCompile Include="Audio.cpp">
      <Filter>Source Files\Framework</Filter>
    </ClCompile>
    <ClCompile Include="Engine.cpp">
      <Filter>Source Files\Framework</Filter>
    </ClCompile>
    <ClCompile Include="Graphics.cpp">
      <Filter>Source Files\Framework</Filter>
    </ClCompile>
    <ClCompile Include="InputHandler.cpp">
      <Filter>Source Files\Framework</Filter>
    </ClCompile>
    <ClCompile Include="EventHandler.cpp">
      <Filter>Source Files\Game</Filter>
    </ClCompile>
    <ClCompile Include="main.cpp">
      <Filter>Source Files</Filter>
    </ClCompile>
    <ClCompile Include="Map.cpp">
      <Filter>Source Files\Game\Map</Filter>
    </ClCompile>
    <ClCompile Include="MapGenerator.cpp">
      <Filter>Source Files\Game\Map</Filter>
    </ClCompile>
    <ClCompile Include="Player.cpp">
      <Filter>Source Files\Game</Filter>
    </ClCompile>
    <ClCompile Include="Room.cpp">
      <Filter>Source Files\Game\Map</Filter>
    </ClCompile>
    <ClCompile Include="Sprite.cpp">
      <Filter>Source Files\Framework</Filter>
    </ClCompile>
    <ClCompile Include="Text.cpp">
      <Filter>Source Files\Framework</Filter>
    </ClCompile>
    <ClCompile Include="Timer.cpp">
      <Filter>Source Files\Framework</Filter>
    </ClCompile>
    <ClCompile Include="DungeonGenerator.cpp">
      <Filter>Source Files\Game\Map</Filter>
    </ClCompile>
    <ClCompile Include="CaveGenerator.cpp">
      <Filter>Source Files\Game\Map</Filter>
    </ClCompile>
    <ClCompile Include="MessageLog.cpp">
      <Filter>Source Files\Game</Filter>
    </ClCompile>
    <ClCompile Include="Consumable.cpp" />
    <ClCompile Include="Equippable.cpp" />
    <ClCompile Include="Item.cpp" />
    <ClCompile Include="ItemBuilder.cpp" />
    <ClCompile Include="LevelGenerator.cpp" />
    <ClCompile Include="Entity.cpp">
      <Filter>Source Files</Filter>
    </ClCompile>
    <ClCompile Include="Item.cpp">
      <Filter>Source Files\Game\Items</Filter>
    </ClCompile>
    <ClCompile Include="Equippable.cpp">
      <Filter>Source Files\Game\Items</Filter>
    </ClCompile>
    <ClCompile Include="Consumable.cpp">
      <Filter>Source Files\Game\Items</Filter>
    </ClCompile>
    <ClCompile Include="ItemBuilder.cpp">
      <Filter>Source Files\Game\Items</Filter>
    </ClCompile>
  </ItemGroup>
  <ItemGroup>
    <ClInclude Include="AssetManager.h">
      <Filter>Header Files\Framework</Filter>
    </ClInclude>
    <ClInclude Include="Audio.h">
      <Filter>Header Files\Framework</Filter>
    </ClInclude>
    <ClInclude Include="EventHandler.h">
      <Filter>Header Files\Game</Filter>
    </ClInclude>
    <ClInclude Include="FOV.h">
      <Filter>Header Files\Game</Filter>
    </ClInclude>
    <ClInclude Include="Engine.h">
      <Filter>Header Files\Framework</Filter>
    </ClInclude>
    <ClInclude Include="Graphics.h">
      <Filter>Header Files\Framework</Filter>
    </ClInclude>
    <ClInclude Include="InputHandler.h">
      <Filter>Header Files\Framework</Filter>
    </ClInclude>
    <ClInclude Include="Map.h">
      <Filter>Header Files\Game\Map</Filter>
    </ClInclude>
    <ClInclude Include="MapGenerator.h">
      <Filter>Header Files\Game\Map</Filter>
    </ClInclude>
    <ClInclude Include="MathHelper.h">
      <Filter>Header Files\Game</Filter>
    </ClInclude>
    <ClInclude Include="Player.h">
      <Filter>Header Files\Game</Filter>
    </ClInclude>
    <ClInclude Include="RNG.h">
      <Filter>Header Files\Game</Filter>
    </ClInclude>
    <ClInclude Include="Room.h">
      <Filter>Header Files\Game\Map</Filter>
    </ClInclude>
    <ClInclude Include="Sprite.h">
      <Filter>Header Files\Framework</Filter>
    </ClInclude>
    <ClInclude Include="Text.h">
      <Filter>Header Files\Framework</Filter>
    </ClInclude>
    <ClInclude Include="Timer.h">
      <Filter>Header Files\Framework</Filter>
    </ClInclude>
    <ClInclude Include="CaveGenerator.h">
      <Filter>Header Files\Game\Map</Filter>
    </ClInclude>
    <ClInclude Include="DungeonGenerator.h">
      <Filter>Header Files\Game\Map</Filter>
    </ClInclude>
    <ClInclude Include="MessageLog.h">
      <Filter>Header Files\Game</Filter>
    </ClInclude>
    <ClInclude Include="MiniMap.h">
      <Filter>Header Files\Game</Filter>
    </ClInclude>
<<<<<<< HEAD
    <ClInclude Include="Armor.h" />
    <ClInclude Include="Consumable.h" />
    <ClInclude Include="Equippable.h" />
    <ClInclude Include="Item.h" />
    <ClInclude Include="ItemBuilder.h" />
    <ClInclude Include="LevelGenerator.h" />
    <ClInclude Include="Weapon.h" />
    <ClInclude Include="Entity.h">
      <Filter>Header Files\Game</Filter>
=======
    <ClInclude Include="Item.h">
      <Filter>Header Files\Game\Items</Filter>
    </ClInclude>
    <ClInclude Include="Equippable.h">
      <Filter>Header Files\Game\Items</Filter>
    </ClInclude>
    <ClInclude Include="Armor.h">
      <Filter>Header Files\Game\Items</Filter>
    </ClInclude>
    <ClInclude Include="Weapon.h">
      <Filter>Header Files\Game\Items</Filter>
    </ClInclude>
    <ClInclude Include="Consumable.h">
      <Filter>Header Files\Game\Items</Filter>
    </ClInclude>
    <ClInclude Include="ItemBuilder.h">
      <Filter>Header Files\Game\Items</Filter>
>>>>>>> master
    </ClInclude>
  </ItemGroup>
  <ItemGroup>
    <Filter Include="Header Files">
      <UniqueIdentifier>{4e3fbf8d-f6b8-43e7-bd61-b814bbd2844c}</UniqueIdentifier>
    </Filter>
    <Filter Include="Source Files">
      <UniqueIdentifier>{929df202-5c80-4763-9f7d-e886e0dda53a}</UniqueIdentifier>
    </Filter>
    <Filter Include="Resources">
      <UniqueIdentifier>{700943eb-8b08-41ea-8383-4d374e11d093}</UniqueIdentifier>
    </Filter>
    <Filter Include="Header Files\Framework">
      <UniqueIdentifier>{f348754a-12ce-4bb4-b189-fe4afc283fec}</UniqueIdentifier>
    </Filter>
    <Filter Include="Source Files\Framework">
      <UniqueIdentifier>{9fb699df-3919-4c59-980e-682ec73a9b7b}</UniqueIdentifier>
    </Filter>
    <Filter Include="Header Files\Game">
      <UniqueIdentifier>{3b88c97e-fcd6-4dce-bdd3-6b2987f3fc71}</UniqueIdentifier>
    </Filter>
    <Filter Include="Header Files\Game\Map">
      <UniqueIdentifier>{288272ec-96fe-471e-9067-11ace20b5f61}</UniqueIdentifier>
    </Filter>
    <Filter Include="Source Files\Game">
      <UniqueIdentifier>{e7d5430a-322d-4bd3-8d95-8138e033ff4e}</UniqueIdentifier>
    </Filter>
    <Filter Include="Source Files\Game\Map">
      <UniqueIdentifier>{e5e2d64d-df97-4ae3-98fd-e25619d00f95}</UniqueIdentifier>
    </Filter>
    <Filter Include="Header Files\Game\Items">
      <UniqueIdentifier>{e17493f5-c04b-4c4e-81da-93bbfb0911a6}</UniqueIdentifier>
    </Filter>
    <Filter Include="Source Files\Game\Items">
      <UniqueIdentifier>{f4bfd074-e6c2-4b1c-959b-52ec9a41fd86}</UniqueIdentifier>
    </Filter>
  </ItemGroup>
</Project>